
Microsoft Visual Studio Solution File, Format Version 12.00
# Visual Studio Version 16
VisualStudioVersion = 16.0.31205.134
MinimumVisualStudioVersion = 10.0.40219.1
Project("{9A19103F-16F7-4668-BE54-9A1E7A4F7556}") = "PromoEngine", "PromoEngine\PromoEngine.csproj", "{7C4191D4-6D98-4AB6-AA70-F20C40B470F8}"
EndProject
Project("{FAE04EC0-301F-11D3-BF4B-00C04F79EFBC}") = "PromoEngine.Test", "PromoEngine.Test\PromoEngine.Test.csproj", "{32297B2F-F493-4DFB-AF2F-3392167D0F57}"
EndProject
Global
	GlobalSection(SolutionConfigurationPlatforms) = preSolution
		Debug|Any CPU = Debug|Any CPU
		Release|Any CPU = Release|Any CPU
	EndGlobalSection
	GlobalSection(ProjectConfigurationPlatforms) = postSolution
		{7C4191D4-6D98-4AB6-AA70-F20C40B470F8}.Debug|Any CPU.ActiveCfg = Debug|Any CPU
		{7C4191D4-6D98-4AB6-AA70-F20C40B470F8}.Debug|Any CPU.Build.0 = Debug|Any CPU
		{7C4191D4-6D98-4AB6-AA70-F20C40B470F8}.Release|Any CPU.ActiveCfg = Release|Any CPU
		{7C4191D4-6D98-4AB6-AA70-F20C40B470F8}.Release|Any CPU.Build.0 = Release|Any CPU
		{32297B2F-F493-4DFB-AF2F-3392167D0F57}.Debug|Any CPU.ActiveCfg = Debug|Any CPU
		{32297B2F-F493-4DFB-AF2F-3392167D0F57}.Debug|Any CPU.Build.0 = Debug|Any CPU
		{32297B2F-F493-4DFB-AF2F-3392167D0F57}.Release|Any CPU.ActiveCfg = Release|Any CPU
		{32297B2F-F493-4DFB-AF2F-3392167D0F57}.Release|Any CPU.Build.0 = Release|Any CPU
	EndGlobalSection
	GlobalSection(SolutionProperties) = preSolution
		HideSolutionNode = FALSE
	EndGlobalSection
	GlobalSection(ExtensibilityGlobals) = postSolution
		SolutionGuid = {37338D55-E1E7-4E30-BFC0-BE989A76CD5F}
	EndGlobalSection
EndGlobal
